
Microsoft Visual Studio Solution File, Format Version 12.00
# Visual Studio Version 17
VisualStudioVersion = 17.6.33723.286
MinimumVisualStudioVersion = 10.0.40219.1
Project("{FAE04EC0-301F-11D3-BF4B-00C04F79EFBC}") = "01. Two Minutes to Midnight", "01. Two Minutes to Midnight\01. Two Minutes to Midnight.csproj", "{241A86CE-CB19-4782-B8EF-BC1100F6E904}"
EndProject
Project("{FAE04EC0-301F-11D3-BF4B-00C04F79EFBC}") = "02. Time", "02. Time\02. Time.csproj", "{CC0081ED-ABA7-4B1E-A9BD-DA753F007576}"
EndProject
Project("{FAE04EC0-301F-11D3-BF4B-00C04F79EFBC}") = "03. The Story Telling", "03. The Story Telling\03. The Story Telling.csproj", "{8DC95619-A7F9-4FBE-A111-88BC16E5AF4F}"
EndProject
Global
	GlobalSection(SolutionConfigurationPlatforms) = preSolution
		Debug|Any CPU = Debug|Any CPU
		Release|Any CPU = Release|Any CPU
	EndGlobalSection
	GlobalSection(ProjectConfigurationPlatforms) = postSolution
		{241A86CE-CB19-4782-B8EF-BC1100F6E904}.Debug|Any CPU.ActiveCfg = Debug|Any CPU
		{241A86CE-CB19-4782-B8EF-BC1100F6E904}.Debug|Any CPU.Build.0 = Debug|Any CPU
		{241A86CE-CB19-4782-B8EF-BC1100F6E904}.Release|Any CPU.ActiveCfg = Release|Any CPU
		{241A86CE-CB19-4782-B8EF-BC1100F6E904}.Release|Any CPU.Build.0 = Release|Any CPU
		{CC0081ED-ABA7-4B1E-A9BD-DA753F007576}.Debug|Any CPU.ActiveCfg = Debug|Any CPU
		{CC0081ED-ABA7-4B1E-A9BD-DA753F007576}.Debug|Any CPU.Build.0 = Debug|Any CPU
		{CC0081ED-ABA7-4B1E-A9BD-DA753F007576}.Release|Any CPU.ActiveCfg = Release|Any CPU
		{CC0081ED-ABA7-4B1E-A9BD-DA753F007576}.Release|Any CPU.Build.0 = Release|Any CPU
		{8DC95619-A7F9-4FBE-A111-88BC16E5AF4F}.Debug|Any CPU.ActiveCfg = Debug|Any CPU
		{8DC95619-A7F9-4FBE-A111-88BC16E5AF4F}.Debug|Any CPU.Build.0 = Debug|Any CPU
		{8DC95619-A7F9-4FBE-A111-88BC16E5AF4F}.Release|Any CPU.ActiveCfg = Release|Any CPU
		{8DC95619-A7F9-4FBE-A111-88BC16E5AF4F}.Release|Any CPU.Build.0 = Release|Any CPU
	EndGlobalSection
	GlobalSection(SolutionProperties) = preSolution
		HideSolutionNode = FALSE
	EndGlobalSection
	GlobalSection(ExtensibilityGlobals) = postSolution
		SolutionGuid = {4BF385B0-6AC8-436F-96C5-A331D6F22091}
	EndGlobalSection
EndGlobal
